
Microsoft Visual Studio Solution File, Format Version 12.00
Project("{FAE04EC0-301F-11D3-BF4B-00C04F79EFBC}") = "Day One", "Day One\Day One.csproj", "{93EF5751-FB41-4D68-951F-FF53D9F61400}"
EndProject
Global
	GlobalSection(SolutionConfigurationPlatforms) = preSolution
		Debug|Any CPU = Debug|Any CPU
		Release|Any CPU = Release|Any CPU
	EndGlobalSection
	GlobalSection(ProjectConfigurationPlatforms) = postSolution
		{93EF5751-FB41-4D68-951F-FF53D9F61400}.Debug|Any CPU.ActiveCfg = Debug|Any CPU
		{93EF5751-FB41-4D68-951F-FF53D9F61400}.Debug|Any CPU.Build.0 = Debug|Any CPU
		{93EF5751-FB41-4D68-951F-FF53D9F61400}.Release|Any CPU.ActiveCfg = Release|Any CPU
		{93EF5751-FB41-4D68-951F-FF53D9F61400}.Release|Any CPU.Build.0 = Release|Any CPU
	EndGlobalSection
EndGlobal
